
Microsoft Visual Studio Solution File, Format Version 12.00
Project("{FAE04EC0-301F-11D3-BF4B-00C04F79EFBC}") = "Core", "Core\Core.csproj", "{B53F2EB4-C969-47EA-AE28-3BABB3FF34E6}"
EndProject
Project("{FAE04EC0-301F-11D3-BF4B-00C04F79EFBC}") = "Infrastructure", "Infrastructure\Infrastructure.csproj", "{B8030DF3-891B-41C1-AD91-8F330FA80E38}"
EndProject
Project("{FAE04EC0-301F-11D3-BF4B-00C04F79EFBC}") = "WebApp", "WebApp\WebApp.csproj", "{4FF28230-9614-42A3-A913-F8DA513EA03F}"
EndProject
Project("{FAE04EC0-301F-11D3-BF4B-00C04F79EFBC}") = "WebAPI", "WebAPI\WebAPI.csproj", "{A0804686-A6C9-4240-AD8A-AED678165774}"
EndProject
Global
	GlobalSection(SolutionConfigurationPlatforms) = preSolution
		Debug|Any CPU = Debug|Any CPU
		Release|Any CPU = Release|Any CPU
	EndGlobalSection
	GlobalSection(ProjectConfigurationPlatforms) = postSolution
		{B53F2EB4-C969-47EA-AE28-3BABB3FF34E6}.Debug|Any CPU.ActiveCfg = Debug|Any CPU
		{B53F2EB4-C969-47EA-AE28-3BABB3FF34E6}.Debug|Any CPU.Build.0 = Debug|Any CPU
		{B53F2EB4-C969-47EA-AE28-3BABB3FF34E6}.Release|Any CPU.ActiveCfg = Release|Any CPU
		{B53F2EB4-C969-47EA-AE28-3BABB3FF34E6}.Release|Any CPU.Build.0 = Release|Any CPU
		{B8030DF3-891B-41C1-AD91-8F330FA80E38}.Debug|Any CPU.ActiveCfg = Debug|Any CPU
		{B8030DF3-891B-41C1-AD91-8F330FA80E38}.Debug|Any CPU.Build.0 = Debug|Any CPU
		{B8030DF3-891B-41C1-AD91-8F330FA80E38}.Release|Any CPU.ActiveCfg = Release|Any CPU
		{B8030DF3-891B-41C1-AD91-8F330FA80E38}.Release|Any CPU.Build.0 = Release|Any CPU
		{4FF28230-9614-42A3-A913-F8DA513EA03F}.Debug|Any CPU.ActiveCfg = Debug|Any CPU
		{4FF28230-9614-42A3-A913-F8DA513EA03F}.Debug|Any CPU.Build.0 = Debug|Any CPU
		{4FF28230-9614-42A3-A913-F8DA513EA03F}.Release|Any CPU.ActiveCfg = Release|Any CPU
		{4FF28230-9614-42A3-A913-F8DA513EA03F}.Release|Any CPU.Build.0 = Release|Any CPU
		{A0804686-A6C9-4240-AD8A-AED678165774}.Debug|Any CPU.ActiveCfg = Debug|Any CPU
		{A0804686-A6C9-4240-AD8A-AED678165774}.Debug|Any CPU.Build.0 = Debug|Any CPU
		{A0804686-A6C9-4240-AD8A-AED678165774}.Release|Any CPU.ActiveCfg = Release|Any CPU
		{A0804686-A6C9-4240-AD8A-AED678165774}.Release|Any CPU.Build.0 = Release|Any CPU
	EndGlobalSection
EndGlobal
